// !$*UTF8*$!
{
	archiveVersion = 1;
	classes = {
	};
	objectVersion = 77;
	objects = {

/* Begin PBXBuildFile section */
		23259A73D658E01D501F721D /* ContentView.swift in Sources */ = {isa = PBXBuildFile; fileRef = BF86ABEF40D1B9387D608B51 /* ContentView.swift */; };
		28DF46063AE37F40D281C864 /* VisualCompositorNativeApp.swift in Sources */ = {isa = PBXBuildFile; fileRef = EDB29BE817B22477FC894358 /* VisualCompositorNativeApp.swift */; };
		6DC2718C9AB139A7D7CC71B9 /* DeviceRealityView.swift in Sources */ = {isa = PBXBuildFile; fileRef = 42E4F264706F748AF4799367 /* DeviceRealityView.swift */; };
		7BFB6D53DCCD5EB39DCBE6A8 /* DeviceSceneController.swift in Sources */ = {isa = PBXBuildFile; fileRef = F30A8328BC81DD67499F03AE /* DeviceSceneController.swift */; };
/* End PBXBuildFile section */

/* Begin PBXFileReference section */
		42E4F264706F748AF4799367 /* DeviceRealityView.swift */ = {isa = PBXFileReference; lastKnownFileType = sourcecode.swift; path = DeviceRealityView.swift; sourceTree = "<group>"; };
		BB5F0A093CDF378FD0A8A136 /* VisualCompositorNative.app */ = {isa = PBXFileReference; explicitFileType = wrapper.application; includeInIndex = 0; path = VisualCompositorNative.app; sourceTree = BUILT_PRODUCTS_DIR; };
		BF86ABEF40D1B9387D608B51 /* ContentView.swift */ = {isa = PBXFileReference; lastKnownFileType = sourcecode.swift; path = ContentView.swift; sourceTree = "<group>"; };
		EDB29BE817B22477FC894358 /* VisualCompositorNativeApp.swift */ = {isa = PBXFileReference; lastKnownFileType = sourcecode.swift; path = VisualCompositorNativeApp.swift; sourceTree = "<group>"; };
		F30A8328BC81DD67499F03AE /* DeviceSceneController.swift */ = {isa = PBXFileReference; lastKnownFileType = sourcecode.swift; path = DeviceSceneController.swift; sourceTree = "<group>"; };
/* End PBXFileReference section */

/* Begin PBXGroup section */
		2383E93161FC26A253BF9ABD /* VisualCompositorNative */ = {
			isa = PBXGroup;
			children = (
				BF86ABEF40D1B9387D608B51 /* ContentView.swift */,
				42E4F264706F748AF4799367 /* DeviceRealityView.swift */,
				F30A8328BC81DD67499F03AE /* DeviceSceneController.swift */,
				EDB29BE817B22477FC894358 /* VisualCompositorNativeApp.swift */,
			);
			path = VisualCompositorNative;
			sourceTree = "<group>";
		};
		348B9596BD72F5635D3301E8 = {
			isa = PBXGroup;
			children = (
				2383E93161FC26A253BF9ABD /* VisualCompositorNative */,
				CC24848E482B0CC5D56F0F35 /* Products */,
			);
			sourceTree = "<group>";
		};
		CC24848E482B0CC5D56F0F35 /* Products */ = {
			isa = PBXGroup;
			children = (
				BB5F0A093CDF378FD0A8A136 /* VisualCompositorNative.app */,
			);
			name = Products;
			sourceTree = "<group>";
		};
/* End PBXGroup section */

/* Begin PBXNativeTarget section */
		6D73B96D3DCFD7FEB0406797 /* VisualCompositorNative */ = {
			isa = PBXNativeTarget;
			buildConfigurationList = A85BCFFEDEC630C5816E2886 /* Build configuration list for PBXNativeTarget "VisualCompositorNative" */;
			buildPhases = (
				34E1E83AB1E85E9F6CF3ADF3 /* Sources */,
			);
			buildRules = (
			);
			dependencies = (
			);
			name = VisualCompositorNative;
			packageProductDependencies = (
			);
			productName = VisualCompositorNative;
			productReference = BB5F0A093CDF378FD0A8A136 /* VisualCompositorNative.app */;
			productType = "com.apple.product-type.application";
		};
/* End PBXNativeTarget section */

/* Begin PBXProject section */
		7D1444ED0FF69F8C21BB6265 /* Project object */ = {
			isa = PBXProject;
			attributes = {
				BuildIndependentTargetsInParallel = YES;
				LastUpgradeCheck = 1430;
			};
			buildConfigurationList = 12636F3FA539DAA4FE8659DD /* Build configuration list for PBXProject "VisualCompositorNative" */;
			compatibilityVersion = "Xcode 14.0";
			developmentRegion = en;
			hasScannedForEncodings = 0;
			knownRegions = (
				Base,
				en,
			);
			mainGroup = 348B9596BD72F5635D3301E8;
			minimizedProjectReferenceProxies = 1;
			preferredProjectObjectVersion = 77;
			projectDirPath = "";
			projectRoot = "";
			targets = (
				6D73B96D3DCFD7FEB0406797 /* VisualCompositorNative */,
			);
		};
/* End PBXProject section */

/* Begin PBXSourcesBuildPhase section */
		34E1E83AB1E85E9F6CF3ADF3 /* Sources */ = {
			isa = PBXSourcesBuildPhase;
			buildActionMask = 2147483647;
			files = (
				23259A73D658E01D501F721D /* ContentView.swift in Sources */,
				6DC2718C9AB139A7D7CC71B9 /* DeviceRealityView.swift in Sources */,
				7BFB6D53DCCD5EB39DCBE6A8 /* DeviceSceneController.swift in Sources */,
				28DF46063AE37F40D281C864 /* VisualCompositorNativeApp.swift in Sources */,
			);
			runOnlyForDeploymentPostprocessing = 0;
		};
/* End PBXSourcesBuildPhase section */

/* Begin XCBuildConfiguration section */
		686E472D4CF5549EFA001EE0 /* Release */ = {
			isa = XCBuildConfiguration;
			buildSettings = {
				ASSETCATALOG_COMPILER_APPICON_NAME = AppIcon;
				CODE_SIGNING_ALLOWED = NO;
				COMBINE_HIDPI_IMAGES = YES;
				ENABLE_HARDENED_RUNTIME = YES;
				GENERATE_INFOPLIST_FILE = YES;
				INFOPLIST_KEY_CFBundleDisplayName = "Visual Compositor Native";
				INFOPLIST_KEY_LSApplicationCategoryType = "public.app-category.graphics-design";
				LD_RUNPATH_SEARCH_PATHS = (
					"$(inherited)",
					"@executable_path/../Frameworks",
				);
				MACOSX_DEPLOYMENT_TARGET = 15.0;
				PRODUCT_BUNDLE_IDENTIFIER = "com.samuelalake.visual-compositor-native";
				SDKROOT = macosx;
			};
			name = Release;
		};
		8BB84C1C1C2917A3C51DD182 /* Debug */ = {
			isa = XCBuildConfiguration;
			buildSettings = {
				ASSETCATALOG_COMPILER_APPICON_NAME = AppIcon;
				CODE_SIGNING_ALLOWED = NO;
				COMBINE_HIDPI_IMAGES = YES;
				ENABLE_HARDENED_RUNTIME = YES;
				GENERATE_INFOPLIST_FILE = YES;
				INFOPLIST_KEY_CFBundleDisplayName = "Visual Compositor Native";
				INFOPLIST_KEY_LSApplicationCategoryType = "public.app-category.graphics-design";
				LD_RUNPATH_SEARCH_PATHS = (
					"$(inherited)",
					"@executable_path/../Frameworks",
				);
				MACOSX_DEPLOYMENT_TARGET = 15.0;
				PRODUCT_BUNDLE_IDENTIFIER = "com.samuelalake.visual-compositor-native";
				SDKROOT = macosx;
			};
			name = Debug;
		};
		B0785137618BA9D0BBE6D3A8 /* Debug */ = {
			isa = XCBuildConfiguration;
			buildSettings = {
				ALWAYS_SEARCH_USER_PATHS = NO;
				CLANG_ANALYZER_NONNULL = YES;
				CLANG_ANALYZER_NUMBER_OBJECT_CONVERSION = YES_AGGRESSIVE;
				CLANG_CXX_LANGUAGE_STANDARD = "gnu++14";
				CLANG_CXX_LIBRARY = "libc++";
				CLANG_ENABLE_MODULES = YES;
				CLANG_ENABLE_OBJC_ARC = YES;
				CLANG_ENABLE_OBJC_WEAK = YES;
				CLANG_WARN_BLOCK_CAPTURE_AUTORELEASING = YES;
				CLANG_WARN_BOOL_CONVERSION = YES;
				CLANG_WARN_COMMA = YES;
				CLANG_WARN_CONSTANT_CONVERSION = YES;
				CLANG_WARN_DEPRECATED_OBJC_IMPLEMENTATIONS = YES;
				CLANG_WARN_DIRECT_OBJC_ISA_USAGE = YES_ERROR;
				CLANG_WARN_DOCUMENTATION_COMMENTS = YES;
				CLANG_WARN_EMPTY_BODY = YES;
				CLANG_WARN_ENUM_CONVERSION = YES;
				CLANG_WARN_INFINITE_RECURSION = YES;
				CLANG_WARN_INT_CONVERSION = YES;
				CLANG_WARN_NON_LITERAL_NULL_CONVERSION = YES;
				CLANG_WARN_OBJC_IMPLICIT_RETAIN_SELF = YES;
				CLANG_WARN_OBJC_LITERAL_CONVERSION = YES;
				CLANG_WARN_OBJC_ROOT_CLASS = YES_ERROR;
				CLANG_WARN_QUOTED_INCLUDE_IN_FRAMEWORK_HEADER = YES;
				CLANG_WARN_RANGE_LOOP_ANALYSIS = YES;
				CLANG_WARN_STRICT_PROTOTYPES = YES;
				CLANG_WARN_SUSPICIOUS_MOVE = YES;
				CLANG_WARN_UNGUARDED_AVAILABILITY = YES_AGGRESSIVE;
				CLANG_WARN_UNREACHABLE_CODE = YES;
				CLANG_WARN__DUPLICATE_METHOD_MATCH = YES;
				COPY_PHASE_STRIP = NO;
				DEBUG_INFORMATION_FORMAT = dwarf;
				ENABLE_STRICT_OBJC_MSGSEND = YES;
				ENABLE_TESTABILITY = YES;
				GCC_C_LANGUAGE_STANDARD = gnu11;
				GCC_DYNAMIC_NO_PIC = NO;
				GCC_NO_COMMON_BLOCKS = YES;
				GCC_OPTIMIZATION_LEVEL = 0;
				GCC_PREPROCESSOR_DEFINITIONS = (
					"$(inherited)",
					"DEBUG=1",
				);
				GCC_WARN_64_TO_32_BIT_CONVERSION = YES;
				GCC_WARN_ABOUT_RETURN_TYPE = YES_ERROR;
				GCC_WARN_UNDECLARED_SELECTOR = YES;
				GCC_WARN_UNINITIALIZED_AUTOS = YES_AGGRESSIVE;
				GCC_WARN_UNUSED_FUNCTION = YES;
				GCC_WARN_UNUSED_VARIABLE = YES;
				MACOSX_DEPLOYMENT_TARGET = 15.0;
				MTL_ENABLE_DEBUG_INFO = INCLUDE_SOURCE;
				MTL_FAST_MATH = YES;
				ONLY_ACTIVE_ARCH = YES;
				PRODUCT_NAME = "$(TARGET_NAME)";
				SDKROOT = macosx;
				SWIFT_ACTIVE_COMPILATION_CONDITIONS = DEBUG;
				SWIFT_OPTIMIZATION_LEVEL = "-Onone";
				SWIFT_VERSION = 6.0;
			};
			name = Debug;
		};
		F3AC9A85EB852C91D28D90E5 /* Release */ = {
			isa = XCBuildConfiguration;
			buildSettings = {
				ALWAYS_SEARCH_USER_PATHS = NO;
				CLANG_ANALYZER_NONNULL = YES;
				CLANG_ANALYZER_NUMBER_OBJECT_CONVERSION = YES_AGGRESSIVE;
				CLANG_CXX_LANGUAGE_STANDARD = "gnu++14";
				CLANG_CXX_LIBRARY = "libc++";
				CLANG_ENABLE_MODULES = YES;
				CLANG_ENABLE_OBJC_ARC = YES;
				CLANG_ENABLE_OBJC_WEAK = YES;
				CLANG_WARN_BLOCK_CAPTURE_AUTORELEASING = YES;
				CLANG_WARN_BOOL_CONVERSION = YES;
				CLANG_WARN_COMMA = YES;
				CLANG_WARN_CONSTANT_CONVERSION = YES;
				CLANG_WARN_DEPRECATED_OBJC_IMPLEMENTATIONS = YES;
				CLANG_WARN_DIRECT_OBJC_ISA_USAGE = YES_ERROR;
				CLANG_WARN_DOCUMENTATION_COMMENTS = YES;
				CLANG_WARN_EMPTY_BODY = YES;
				CLANG_WARN_ENUM_CONVERSION = YES;
				CLANG_WARN_INFINITE_RECURSION = YES;
				CLANG_WARN_INT_CONVERSION = YES;
				CLANG_WARN_NON_LITERAL_NULL_CONVERSION = YES;
				CLANG_WARN_OBJC_IMPLICIT_RETAIN_SELF = YES;
				CLANG_WARN_OBJC_LITERAL_CONVERSION = YES;
				CLANG_WARN_OBJC_ROOT_CLASS = YES_ERROR;
				CLANG_WARN_QUOTED_INCLUDE_IN_FRAMEWORK_HEADER = YES;
				CLANG_WARN_RANGE_LOOP_ANALYSIS = YES;
				CLANG_WARN_STRICT_PROTOTYPES = YES;
				CLANG_WARN_SUSPICIOUS_MOVE = YES;
				CLANG_WARN_UNGUARDED_AVAILABILITY = YES_AGGRESSIVE;
				CLANG_WARN_UNREACHABLE_CODE = YES;
				CLANG_WARN__DUPLICATE_METHOD_MATCH = YES;
				COPY_PHASE_STRIP = NO;
				DEBUG_INFORMATION_FORMAT = "dwarf-with-dsym";
				ENABLE_NS_ASSERTIONS = NO;
				ENABLE_STRICT_OBJC_MSGSEND = YES;
				GCC_C_LANGUAGE_STANDARD = gnu11;
				GCC_NO_COMMON_BLOCKS = YES;
				GCC_WARN_64_TO_32_BIT_CONVERSION = YES;
				GCC_WARN_ABOUT_RETURN_TYPE = YES_ERROR;
				GCC_WARN_UNDECLARED_SELECTOR = YES;
				GCC_WARN_UNINITIALIZED_AUTOS = YES_AGGRESSIVE;
				GCC_WARN_UNUSED_FUNCTION = YES;
				GCC_WARN_UNUSED_VARIABLE = YES;
				MACOSX_DEPLOYMENT_TARGET = 15.0;
				MTL_ENABLE_DEBUG_INFO = NO;
				MTL_FAST_MATH = YES;
				PRODUCT_NAME = "$(TARGET_NAME)";
				SDKROOT = macosx;
				SWIFT_COMPILATION_MODE = wholemodule;
				SWIFT_OPTIMIZATION_LEVEL = "-O";
				SWIFT_VERSION = 6.0;
			};
			name = Release;
		};
/* End XCBuildConfiguration section */

/* Begin XCConfigurationList section */
		12636F3FA539DAA4FE8659DD /* Build configuration list for PBXProject "VisualCompositorNative" */ = {
			isa = XCConfigurationList;
			buildConfigurations = (
				B0785137618BA9D0BBE6D3A8 /* Debug */,
				F3AC9A85EB852C91D28D90E5 /* Release */,
			);
			defaultConfigurationIsVisible = 0;
			defaultConfigurationName = Debug;
		};
		A85BCFFEDEC630C5816E2886 /* Build configuration list for PBXNativeTarget "VisualCompositorNative" */ = {
			isa = XCConfigurationList;
			buildConfigurations = (
				8BB84C1C1C2917A3C51DD182 /* Debug */,
				686E472D4CF5549EFA001EE0 /* Release */,
			);
			defaultConfigurationIsVisible = 0;
			defaultConfigurationName = Debug;
		};
/* End XCConfigurationList section */
	};
	rootObject = 7D1444ED0FF69F8C21BB6265 /* Project object */;
}
